
Microsoft Visual Studio Solution File, Format Version 12.00
# Visual Studio 15
Project("{FAE04EC0-301F-11D3-BF4B-00C04F79EFBC}") = "Assembly-CSharp-Editor", "Assembly-CSharp-Editor.csproj", "{21629AF8-CA0C-B2B1-F581-5B66331C8630}"
EndProject
Project("{FAE04EC0-301F-11D3-BF4B-00C04F79EFBC}") = "Assembly-CSharp", "Assembly-CSharp.csproj", "{46D323C5-AFFE-DBA8-8A90-BD0FAAA8F40A}"
EndProject
Global
	GlobalSection(SolutionConfigurationPlatforms) = preSolution
		Debug|Any CPU = Debug|Any CPU
		Release|Any CPU = Release|Any CPU
	EndGlobalSection
	GlobalSection(ProjectConfigurationPlatforms) = postSolution
		{21629AF8-CA0C-B2B1-F581-5B66331C8630}.Debug|Any CPU.ActiveCfg = Debug|Any CPU
		{21629AF8-CA0C-B2B1-F581-5B66331C8630}.Debug|Any CPU.Build.0 = Debug|Any CPU
		{21629AF8-CA0C-B2B1-F581-5B66331C8630}.Release|Any CPU.ActiveCfg = Release|Any CPU
		{21629AF8-CA0C-B2B1-F581-5B66331C8630}.Release|Any CPU.Build.0 = Release|Any CPU
		{46D323C5-AFFE-DBA8-8A90-BD0FAAA8F40A}.Debug|Any CPU.ActiveCfg = Debug|Any CPU
		{46D323C5-AFFE-DBA8-8A90-BD0FAAA8F40A}.Debug|Any CPU.Build.0 = Debug|Any CPU
		{46D323C5-AFFE-DBA8-8A90-BD0FAAA8F40A}.Release|Any CPU.ActiveCfg = Release|Any CPU
		{46D323C5-AFFE-DBA8-8A90-BD0FAAA8F40A}.Release|Any CPU.Build.0 = Release|Any CPU
	EndGlobalSection
	GlobalSection(SolutionProperties) = preSolution
		HideSolutionNode = FALSE
	EndGlobalSection
EndGlobal
